
Microsoft Visual Studio Solution File, Format Version 12.00
# Visual Studio 2013
VisualStudioVersion = 12.0.40629.0
MinimumVisualStudioVersion = 10.0.40219.1
Project("{FAE04EC0-301F-11D3-BF4B-00C04F79EFBC}") = "ShopAPI", "ShopAPI\ShopAPI.csproj", "{A8DDFE67-1421-4BE2-9369-5AA4E610D648}"
EndProject
Project("{FAE04EC0-301F-11D3-BF4B-00C04F79EFBC}") = "MODEL", "MODEL\MODEL.csproj", "{601781F1-4C85-4797-8D61-0A123C1B61F5}"
EndProject
Global
	GlobalSection(SolutionConfigurationPlatforms) = preSolution
		Debug|Any CPU = Debug|Any CPU
		Release|Any CPU = Release|Any CPU
	EndGlobalSection
	GlobalSection(ProjectConfigurationPlatforms) = postSolution
		{A8DDFE67-1421-4BE2-9369-5AA4E610D648}.Debug|Any CPU.ActiveCfg = Debug|Any CPU
		{A8DDFE67-1421-4BE2-9369-5AA4E610D648}.Debug|Any CPU.Build.0 = Debug|Any CPU
		{A8DDFE67-1421-4BE2-9369-5AA4E610D648}.Release|Any CPU.ActiveCfg = Release|Any CPU
		{A8DDFE67-1421-4BE2-9369-5AA4E610D648}.Release|Any CPU.Build.0 = Release|Any CPU
		{601781F1-4C85-4797-8D61-0A123C1B61F5}.Debug|Any CPU.ActiveCfg = Debug|Any CPU
		{601781F1-4C85-4797-8D61-0A123C1B61F5}.Debug|Any CPU.Build.0 = Debug|Any CPU
		{601781F1-4C85-4797-8D61-0A123C1B61F5}.Release|Any CPU.ActiveCfg = Release|Any CPU
		{601781F1-4C85-4797-8D61-0A123C1B61F5}.Release|Any CPU.Build.0 = Release|Any CPU
	EndGlobalSection
	GlobalSection(SolutionProperties) = preSolution
		HideSolutionNode = FALSE
	EndGlobalSection
EndGlobal
